
Microsoft Visual Studio Solution File, Format Version 12.00
# Visual Studio 15
VisualStudioVersion = 15.0.28307.1169
MinimumVisualStudioVersion = 10.0.40219.1
Project("{F184B08F-C81C-45F6-A57F-5ABD9991F28F}") = "Ticketing System", "Ticketing System\Ticketing System.vbproj", "{02EA3772-4A8E-447C-BEDC-2F0855D6DD2F}"
EndProject
Global
	GlobalSection(SolutionConfigurationPlatforms) = preSolution
		Debug|Any CPU = Debug|Any CPU
		Release|Any CPU = Release|Any CPU
	EndGlobalSection
	GlobalSection(ProjectConfigurationPlatforms) = postSolution
		{02EA3772-4A8E-447C-BEDC-2F0855D6DD2F}.Debug|Any CPU.ActiveCfg = Debug|Any CPU
		{02EA3772-4A8E-447C-BEDC-2F0855D6DD2F}.Debug|Any CPU.Build.0 = Debug|Any CPU
		{02EA3772-4A8E-447C-BEDC-2F0855D6DD2F}.Release|Any CPU.ActiveCfg = Release|Any CPU
		{02EA3772-4A8E-447C-BEDC-2F0855D6DD2F}.Release|Any CPU.Build.0 = Release|Any CPU
	EndGlobalSection
	GlobalSection(SolutionProperties) = preSolution
		HideSolutionNode = FALSE
	EndGlobalSection
	GlobalSection(ExtensibilityGlobals) = postSolution
		SolutionGuid = {FA226862-B9AB-44F1-B29D-3B6F0FC4951A}
	EndGlobalSection
EndGlobal
